
Microsoft Visual Studio Solution File, Format Version 12.00
# Visual Studio Version 17
VisualStudioVersion = 17.13.35919.96
MinimumVisualStudioVersion = 10.0.40219.1
Project("{FAE04EC0-301F-11D3-BF4B-00C04F79EFBC}") = "FoodOrderUI", "FoodOrder\FoodOrderUI.csproj", "{99FD7BE9-ED97-4342-9FFD-ED60B467B076}"
EndProject
Project("{2150E333-8FDC-42A3-9474-1A3956D46DE8}") = "src", "src", "{02EA681E-C7D8-13C7-8484-4AC65E1B71E8}"
EndProject
Project("{2150E333-8FDC-42A3-9474-1A3956D46DE8}") = "test", "test", "{6DD6132F-C2EC-4F57-9500-07CEF3C60DA3}"
EndProject
Project("{FAE04EC0-301F-11D3-BF4B-00C04F79EFBC}") = "FoodOrderTests", "FoodOrderTests\FoodOrderTests.csproj", "{C36C8243-CB4A-4DFD-B1E7-637066B2622A}"
EndProject
Project("{FAE04EC0-301F-11D3-BF4B-00C04F79EFBC}") = "FoodInfrastructure", "FoodInfrastructure\FoodInfrastructure.csproj", "{317DAE92-3F6B-4768-8B1A-620A14215C21}"
EndProject
Project("{FAE04EC0-301F-11D3-BF4B-00C04F79EFBC}") = "FoodOrderCoreProject", "FoodOrderCoreProject\FoodOrderCoreProject.csproj", "{F9A0339F-E6B8-490D-B5F7-F4EDCD32C97B}"
EndProject
Global
	GlobalSection(SolutionConfigurationPlatforms) = preSolution
		Debug|Any CPU = Debug|Any CPU
		Release|Any CPU = Release|Any CPU
	EndGlobalSection
	GlobalSection(ProjectConfigurationPlatforms) = postSolution
		{99FD7BE9-ED97-4342-9FFD-ED60B467B076}.Debug|Any CPU.ActiveCfg = Debug|Any CPU
		{99FD7BE9-ED97-4342-9FFD-ED60B467B076}.Debug|Any CPU.Build.0 = Debug|Any CPU
		{99FD7BE9-ED97-4342-9FFD-ED60B467B076}.Release|Any CPU.ActiveCfg = Release|Any CPU
		{99FD7BE9-ED97-4342-9FFD-ED60B467B076}.Release|Any CPU.Build.0 = Release|Any CPU
		{C36C8243-CB4A-4DFD-B1E7-637066B2622A}.Debug|Any CPU.ActiveCfg = Debug|Any CPU
		{C36C8243-CB4A-4DFD-B1E7-637066B2622A}.Debug|Any CPU.Build.0 = Debug|Any CPU
		{C36C8243-CB4A-4DFD-B1E7-637066B2622A}.Release|Any CPU.ActiveCfg = Release|Any CPU
		{C36C8243-CB4A-4DFD-B1E7-637066B2622A}.Release|Any CPU.Build.0 = Release|Any CPU
		{317DAE92-3F6B-4768-8B1A-620A14215C21}.Debug|Any CPU.ActiveCfg = Debug|Any CPU
		{317DAE92-3F6B-4768-8B1A-620A14215C21}.Debug|Any CPU.Build.0 = Debug|Any CPU
		{317DAE92-3F6B-4768-8B1A-620A14215C21}.Release|Any CPU.ActiveCfg = Release|Any CPU
		{317DAE92-3F6B-4768-8B1A-620A14215C21}.Release|Any CPU.Build.0 = Release|Any CPU
		{F9A0339F-E6B8-490D-B5F7-F4EDCD32C97B}.Debug|Any CPU.ActiveCfg = Debug|Any CPU
		{F9A0339F-E6B8-490D-B5F7-F4EDCD32C97B}.Debug|Any CPU.Build.0 = Debug|Any CPU
		{F9A0339F-E6B8-490D-B5F7-F4EDCD32C97B}.Release|Any CPU.ActiveCfg = Release|Any CPU
		{F9A0339F-E6B8-490D-B5F7-F4EDCD32C97B}.Release|Any CPU.Build.0 = Release|Any CPU
	EndGlobalSection
	GlobalSection(SolutionProperties) = preSolution
		HideSolutionNode = FALSE
	EndGlobalSection
	GlobalSection(NestedProjects) = preSolution
		{99FD7BE9-ED97-4342-9FFD-ED60B467B076} = {02EA681E-C7D8-13C7-8484-4AC65E1B71E8}
		{C36C8243-CB4A-4DFD-B1E7-637066B2622A} = {6DD6132F-C2EC-4F57-9500-07CEF3C60DA3}
		{317DAE92-3F6B-4768-8B1A-620A14215C21} = {02EA681E-C7D8-13C7-8484-4AC65E1B71E8}
		{F9A0339F-E6B8-490D-B5F7-F4EDCD32C97B} = {02EA681E-C7D8-13C7-8484-4AC65E1B71E8}
	EndGlobalSection
	GlobalSection(ExtensibilityGlobals) = postSolution
		SolutionGuid = {187B7E52-1852-447E-84A2-345EEA71FDEE}
	EndGlobalSection
EndGlobal
