
Microsoft Visual Studio Solution File, Format Version 12.00
# Visual Studio Version 17
VisualStudioVersion = 17.13.35919.96 d17.13
MinimumVisualStudioVersion = 10.0.40219.1
Project("{FAE04EC0-301F-11D3-BF4B-00C04F79EFBC}") = "FoodOrder", "FoodOrder\FoodOrder.csproj", "{99FD7BE9-ED97-4342-9FFD-ED60B467B076}"
EndProject
Project("{2150E333-8FDC-42A3-9474-1A3956D46DE8}") = "src", "src", "{02EA681E-C7D8-13C7-8484-4AC65E1B71E8}"
EndProject
Project("{2150E333-8FDC-42A3-9474-1A3956D46DE8}") = "test", "test", "{6DD6132F-C2EC-4F57-9500-07CEF3C60DA3}"
EndProject
Project("{2150E333-8FDC-42A3-9474-1A3956D46DE8}") = "FoodOrderUI", "FoodOrderUI", "{71A2A324-059E-4DB2-8440-926F07FDEFAC}"
EndProject
Project("{2150E333-8FDC-42A3-9474-1A3956D46DE8}") = "FoodOrderInfrasture", "FoodOrderInfrasture", "{49868442-4F44-46DB-B1C2-2FCB4CBEAC60}"
EndProject
Project("{2150E333-8FDC-42A3-9474-1A3956D46DE8}") = "FoodOrderCore", "FoodOrderCore", "{4259F9D8-6706-4EE1-9AAB-D01E7D911A9D}"
EndProject
Project("{2150E333-8FDC-42A3-9474-1A3956D46DE8}") = "Domain", "Domain", "{74D458E5-3A42-4604-A7BE-35C563BDA621}"
EndProject
Project("{2150E333-8FDC-42A3-9474-1A3956D46DE8}") = "DbContextClass", "DbContextClass", "{F91B4A3B-4053-4F97-9A5C-BEADC3DF26BB}"
EndProject
Project("{2150E333-8FDC-42A3-9474-1A3956D46DE8}") = "RepositoryImpl", "RepositoryImpl", "{257D9B57-732D-4EC1-BED5-12D0AB718140}"
EndProject
Project("{2150E333-8FDC-42A3-9474-1A3956D46DE8}") = "ExternalApiCalls", "ExternalApiCalls", "{99BD8DEA-A843-445C-ACBD-5BE7B09F8F3D}"
EndProject
Project("{2150E333-8FDC-42A3-9474-1A3956D46DE8}") = "Entities", "Entities", "{CF007251-F263-4509-9585-60620125EDD9}"
EndProject
Project("{2150E333-8FDC-42A3-9474-1A3956D46DE8}") = "RepositoryInterface", "RepositoryInterface", "{55CF7FA6-8427-443D-80FD-9A888D9D40E7}"
EndProject
Project("{2150E333-8FDC-42A3-9474-1A3956D46DE8}") = "ServicesInterface", "ServicesInterface", "{B3F62DDA-B513-45C2-93AB-9310EA62A40E}"
EndProject
Project("{2150E333-8FDC-42A3-9474-1A3956D46DE8}") = "ServiceImpl", "ServiceImpl", "{5FE75D4D-908C-4409-8E34-007735806B8C}"
EndProject
Project("{2150E333-8FDC-42A3-9474-1A3956D46DE8}") = "Exceptions", "Exceptions", "{EA30851F-07A1-4CDC-B63F-F02A471943B2}"
EndProject
Project("{2150E333-8FDC-42A3-9474-1A3956D46DE8}") = "HelperClasses", "HelperClasses", "{A8B03E1D-79AF-4E21-95B2-52482386B9DD}"
EndProject
Project("{FAE04EC0-301F-11D3-BF4B-00C04F79EFBC}") = "FoodOrderTests", "FoodOrderTests\FoodOrderTests.csproj", "{C36C8243-CB4A-4DFD-B1E7-637066B2622A}"
EndProject
Global
	GlobalSection(SolutionConfigurationPlatforms) = preSolution
		Debug|Any CPU = Debug|Any CPU
		Release|Any CPU = Release|Any CPU
	EndGlobalSection
	GlobalSection(ProjectConfigurationPlatforms) = postSolution
		{99FD7BE9-ED97-4342-9FFD-ED60B467B076}.Debug|Any CPU.ActiveCfg = Debug|Any CPU
		{99FD7BE9-ED97-4342-9FFD-ED60B467B076}.Debug|Any CPU.Build.0 = Debug|Any CPU
		{99FD7BE9-ED97-4342-9FFD-ED60B467B076}.Release|Any CPU.ActiveCfg = Release|Any CPU
		{99FD7BE9-ED97-4342-9FFD-ED60B467B076}.Release|Any CPU.Build.0 = Release|Any CPU
		{C36C8243-CB4A-4DFD-B1E7-637066B2622A}.Debug|Any CPU.ActiveCfg = Debug|Any CPU
		{C36C8243-CB4A-4DFD-B1E7-637066B2622A}.Debug|Any CPU.Build.0 = Debug|Any CPU
		{C36C8243-CB4A-4DFD-B1E7-637066B2622A}.Release|Any CPU.ActiveCfg = Release|Any CPU
		{C36C8243-CB4A-4DFD-B1E7-637066B2622A}.Release|Any CPU.Build.0 = Release|Any CPU
	EndGlobalSection
	GlobalSection(SolutionProperties) = preSolution
		HideSolutionNode = FALSE
	EndGlobalSection
	GlobalSection(NestedProjects) = preSolution
		{99FD7BE9-ED97-4342-9FFD-ED60B467B076} = {71A2A324-059E-4DB2-8440-926F07FDEFAC}
		{71A2A324-059E-4DB2-8440-926F07FDEFAC} = {02EA681E-C7D8-13C7-8484-4AC65E1B71E8}
		{49868442-4F44-46DB-B1C2-2FCB4CBEAC60} = {02EA681E-C7D8-13C7-8484-4AC65E1B71E8}
		{4259F9D8-6706-4EE1-9AAB-D01E7D911A9D} = {02EA681E-C7D8-13C7-8484-4AC65E1B71E8}
		{74D458E5-3A42-4604-A7BE-35C563BDA621} = {4259F9D8-6706-4EE1-9AAB-D01E7D911A9D}
		{F91B4A3B-4053-4F97-9A5C-BEADC3DF26BB} = {49868442-4F44-46DB-B1C2-2FCB4CBEAC60}
		{257D9B57-732D-4EC1-BED5-12D0AB718140} = {49868442-4F44-46DB-B1C2-2FCB4CBEAC60}
		{99BD8DEA-A843-445C-ACBD-5BE7B09F8F3D} = {49868442-4F44-46DB-B1C2-2FCB4CBEAC60}
		{CF007251-F263-4509-9585-60620125EDD9} = {74D458E5-3A42-4604-A7BE-35C563BDA621}
		{55CF7FA6-8427-443D-80FD-9A888D9D40E7} = {74D458E5-3A42-4604-A7BE-35C563BDA621}
		{B3F62DDA-B513-45C2-93AB-9310EA62A40E} = {4259F9D8-6706-4EE1-9AAB-D01E7D911A9D}
		{5FE75D4D-908C-4409-8E34-007735806B8C} = {4259F9D8-6706-4EE1-9AAB-D01E7D911A9D}
		{EA30851F-07A1-4CDC-B63F-F02A471943B2} = {4259F9D8-6706-4EE1-9AAB-D01E7D911A9D}
		{A8B03E1D-79AF-4E21-95B2-52482386B9DD} = {4259F9D8-6706-4EE1-9AAB-D01E7D911A9D}
		{C36C8243-CB4A-4DFD-B1E7-637066B2622A} = {6DD6132F-C2EC-4F57-9500-07CEF3C60DA3}
	EndGlobalSection
	GlobalSection(ExtensibilityGlobals) = postSolution
		SolutionGuid = {187B7E52-1852-447E-84A2-345EEA71FDEE}
	EndGlobalSection
EndGlobal
